<?xml version="1.0" encoding="utf-8"?>
<Project ToolsVersion="4.0" xmlns="http://schemas.microsoft.com/developer/msbuild/2003">
  <ItemGroup>
    <Filter Include="DX11Renderer">
      <UniqueIdentifier>{fcc57f3c-d3e2-458e-820c-406a57b182f3}</UniqueIdentifier>
    </Filter>
  </ItemGroup>
  <ItemGroup>
    <ClInclude Include="DX11Renderer\DX11Renderer.h">
      <Filter>DX11Renderer</Filter>
    </ClInclude>
    <ClInclude Include="DX11Renderer\DX11RendererUtility.h">
      <Filter>DX11Renderer</Filter>
    </ClInclude>
    <ClInclude Include="DX11Renderer\DX11TypeDefine.h">
      <Filter>DX11Renderer</Filter>
    </ClInclude>
    <ClInclude Include="DX11Renderer\DX11DepthStencilBuffer.h">
      <Filter>DX11Renderer</Filter>
    </ClInclude>
    <ClInclude Include="DX11Renderer\DX11RenderTexture.h">
      <Filter>DX11Renderer</Filter>
    </ClInclude>
    <ClInclude Include="DX11Renderer\DX11RenderTarget.h">
      <Filter>DX11Renderer</Filter>
    </ClInclude>
    <ClInclude Include="DX11Renderer\DX11Texture.h">
      <Filter>DX11Renderer</Filter>
    </ClInclude>
  </ItemGroup>
  <ItemGroup>
    <ClCompile Include="DX11Renderer\DX11Renderer.cpp">
      <Filter>DX11Renderer</Filter>
    </ClCompile>
    <ClCompile Include="DX11Renderer\DX11DepthStencilBuffer.cpp">
      <Filter>DX11Renderer</Filter>
    </ClCompile>
    <ClCompile Include="DX11Renderer\DX11RenderTexture.cpp">
      <Filter>DX11Renderer</Filter>
    </ClCompile>
    <ClCompile Include="DX11Renderer\DX11RenderTarget.cpp">
      <Filter>DX11Renderer</Filter>
    </ClCompile>
  </ItemGroup>
</Project>