<?xml version="1.0" encoding="utf-8"?>
<Project ToolsVersion="4.0" xmlns="http://schemas.microsoft.com/developer/msbuild/2003">
  <ItemGroup>
    <ClCompile Include="BaseApplication.cpp" />
    <ClCompile Include="WindowsApplication.cpp" />
    <ClCompile Include="Main.cpp" />
  </ItemGroup>
  <ItemGroup>
    <ClInclude Include="BaseApplication.h" />
    <ClInclude Include="WindowsApplication.h" />
    <ClInclude Include="GfxConfig.h" />
    <ClInclude Include="IApplication.h" />
  </ItemGroup>
</Project>