<?xml version="1.0" encoding="utf-8"?>
<Project ToolsVersion="4.0" xmlns="http://schemas.microsoft.com/developer/msbuild/2003">
  <ItemGroup>
    <ClInclude Include="Interface.h" />
    <ClInclude Include="IRuntimeModule.h" />
    <ClInclude Include="Singleton.h" />
    <ClInclude Include="MemoryManager.h" />
    <ClInclude Include="MemoryPool.h" />
    <ClInclude Include="Rtti.h" />
    <ClInclude Include="Utility.h" />
    <ClInclude Include="EngineMacro.h" />
    <ClInclude Include="Object.h" />
    <ClInclude Include="Reference.h" />
  </ItemGroup>
  <ItemGroup>
    <ClCompile Include="MemoryPool.cpp" />
    <ClCompile Include="Rtti.cpp" />
    <ClCompile Include="Reference.cpp" />
    <ClCompile Include="Object.cpp" />
  </ItemGroup>
</Project>